
Microsoft Visual Studio Solution File, Format Version 12.00
# Visual Studio Version 17
VisualStudioVersion = 17.0.31903.59
MinimumVisualStudioVersion = 10.0.40219.1
Project("{2150E333-8FDC-42A3-9474-1A3956D46DE8}") = "src", "src", "{3B2B3FF3-6381-4B52-9B65-DE6891E6DDD8}"
EndProject
Project("{FAE04EC0-301F-11D3-BF4B-00C04F79EFBC}") = "AuctionService", "src\AuctionService\AuctionService.csproj", "{3F886C67-0A37-458A-A8F7-BCF0F94B6BD5}"
EndProject
Project("{FAE04EC0-301F-11D3-BF4B-00C04F79EFBC}") = "SearchService", "src\SearchService\SearchService.csproj", "{37062C95-95E8-41EA-9CFE-F7FA4A153389}"
EndProject
Project("{FAE04EC0-301F-11D3-BF4B-00C04F79EFBC}") = "Contracts", "src\Contracts\Contracts.csproj", "{CE2C37C0-B3BF-4E19-A49C-E0CEDEE53D4E}"
EndProject
Global
	GlobalSection(SolutionConfigurationPlatforms) = preSolution
		Debug|Any CPU = Debug|Any CPU
		Release|Any CPU = Release|Any CPU
	EndGlobalSection
	GlobalSection(SolutionProperties) = preSolution
		HideSolutionNode = FALSE
	EndGlobalSection
	GlobalSection(ProjectConfigurationPlatforms) = postSolution
		{3F886C67-0A37-458A-A8F7-BCF0F94B6BD5}.Debug|Any CPU.ActiveCfg = Debug|Any CPU
		{3F886C67-0A37-458A-A8F7-BCF0F94B6BD5}.Debug|Any CPU.Build.0 = Debug|Any CPU
		{3F886C67-0A37-458A-A8F7-BCF0F94B6BD5}.Release|Any CPU.ActiveCfg = Release|Any CPU
		{3F886C67-0A37-458A-A8F7-BCF0F94B6BD5}.Release|Any CPU.Build.0 = Release|Any CPU
		{37062C95-95E8-41EA-9CFE-F7FA4A153389}.Debug|Any CPU.ActiveCfg = Debug|Any CPU
		{37062C95-95E8-41EA-9CFE-F7FA4A153389}.Debug|Any CPU.Build.0 = Debug|Any CPU
		{37062C95-95E8-41EA-9CFE-F7FA4A153389}.Release|Any CPU.ActiveCfg = Release|Any CPU
		{37062C95-95E8-41EA-9CFE-F7FA4A153389}.Release|Any CPU.Build.0 = Release|Any CPU
		{CE2C37C0-B3BF-4E19-A49C-E0CEDEE53D4E}.Debug|Any CPU.ActiveCfg = Debug|Any CPU
		{CE2C37C0-B3BF-4E19-A49C-E0CEDEE53D4E}.Debug|Any CPU.Build.0 = Debug|Any CPU
		{CE2C37C0-B3BF-4E19-A49C-E0CEDEE53D4E}.Release|Any CPU.ActiveCfg = Release|Any CPU
		{CE2C37C0-B3BF-4E19-A49C-E0CEDEE53D4E}.Release|Any CPU.Build.0 = Release|Any CPU
	EndGlobalSection
	GlobalSection(NestedProjects) = preSolution
		{3F886C67-0A37-458A-A8F7-BCF0F94B6BD5} = {3B2B3FF3-6381-4B52-9B65-DE6891E6DDD8}
		{37062C95-95E8-41EA-9CFE-F7FA4A153389} = {3B2B3FF3-6381-4B52-9B65-DE6891E6DDD8}
		{CE2C37C0-B3BF-4E19-A49C-E0CEDEE53D4E} = {3B2B3FF3-6381-4B52-9B65-DE6891E6DDD8}
	EndGlobalSection
EndGlobal
